
Microsoft Visual Studio Solution File, Format Version 11.00
# Visual Studio 2010
Project("{FAE04EC0-301F-11D3-BF4B-00C04F79EFBC}") = "taglib-sharp", "taglib-sharp.csproj", "{4CC18776-125E-4318-9D24-D60110AD9697}"
EndProject
Global
	GlobalSection(SolutionConfigurationPlatforms) = preSolution
		Debug|Any CPU = Debug|Any CPU
		Release|Any CPU = Release|Any CPU
	EndGlobalSection
	GlobalSection(ProjectConfigurationPlatforms) = postSolution
		{4CC18776-125E-4318-9D24-D60110AD9697}.Debug|Any CPU.ActiveCfg = Debug|Any CPU
		{4CC18776-125E-4318-9D24-D60110AD9697}.Debug|Any CPU.Build.0 = Debug|Any CPU
		{4CC18776-125E-4318-9D24-D60110AD9697}.Release|Any CPU.ActiveCfg = Release|Any CPU
		{4CC18776-125E-4318-9D24-D60110AD9697}.Release|Any CPU.Build.0 = Release|Any CPU
	EndGlobalSection
	GlobalSection(SolutionProperties) = preSolution
		HideSolutionNode = FALSE
	EndGlobalSection
EndGlobal
