Microsoft Visual Studio Solution File, Format Version 10.00
# Visual Studio 2008
Project("{F184B08F-C81C-45F6-A57F-5ABD9991F28F}") = "MetaGeta.Utilities", "MetaGeta.Utilities\MetaGeta.Utilities.vbproj", "{F62A4017-8F99-4904-995D-3977B9A5260E}"
EndProject
Project("{F184B08F-C81C-45F6-A57F-5ABD9991F28F}") = "MetaGeta.DataStore", "MetaGeta.DataStore\MetaGeta.DataStore.vbproj", "{C293768F-6C79-4B6D-8F2B-1DF2F0F6A038}"
EndProject
Project("{F184B08F-C81C-45F6-A57F-5ABD9991F28F}") = "MediaInfoPlugin", "MediaInfoPlugin\MediaInfoPlugin.vbproj", "{1B13DEB6-1B78-4D85-B3DB-F5282AF3DECD}"
EndProject
Project("{F184B08F-C81C-45F6-A57F-5ABD9991F28F}") = "TVShowPlugin", "TVShowPlugin\TVShowPlugin.vbproj", "{C7A11128-E589-4016-8735-3FF3A50E12ED}"
EndProject
Project("{F184B08F-C81C-45F6-A57F-5ABD9991F28F}") = "MetaGetaCLI", "MetaGetaCLI\MetaGetaCLI.vbproj", "{DCCBBC19-7132-4A74-91F1-5F9A5D7117CE}"
EndProject
Project("{F184B08F-C81C-45F6-A57F-5ABD9991F28F}") = "TranscodePlugin", "TranscodePlugin\TranscodePlugin.vbproj", "{9D2AE6E9-248A-4A52-8122-A08727B82D78}"
EndProject
Project("{F184B08F-C81C-45F6-A57F-5ABD9991F28F}") = "TVDBPlugin", "TVDBPlugin\TVDBPlugin.vbproj", "{DDCB24BA-F1F8-4B0E-9171-B596C682BFA1}"
EndProject
Project("{F184B08F-C81C-45F6-A57F-5ABD9991F28F}") = "MetaGeta.Browser", "MetaGeta.Browser\MetaGeta.Browser.vbproj", "{EE5E61B2-81A2-421A-9A07-B93E03179F4D}"
EndProject
Project("{2150E333-8FDC-42A3-9474-1A3956D46DE8}") = "Plugins", "Plugins", "{F9EFC082-0342-43DF-97EB-96A7170A730A}"
EndProject
Project("{F184B08F-C81C-45F6-A57F-5ABD9991F28F}") = "MetaGeta.ScriptHost", "MetaGeta.ScriptHost\MetaGeta.ScriptHost.vbproj", "{D263E2C0-C6CC-44A8-87D6-98BCF0E26104}"
EndProject
Project("{F184B08F-C81C-45F6-A57F-5ABD9991F28F}") = "MetaGeta.GUI", "MetaGeta.GUI\MetaGeta.GUI.vbproj", "{DE21B094-96AE-4996-A1F6-C59D2C8D698C}"
EndProject
Global
	GlobalSection(SolutionConfigurationPlatforms) = preSolution
		Debug|Any CPU = Debug|Any CPU
		Debug|x86 = Debug|x86
		Release|Any CPU = Release|Any CPU
		Release|x86 = Release|x86
	EndGlobalSection
	GlobalSection(ProjectConfigurationPlatforms) = postSolution
		{F62A4017-8F99-4904-995D-3977B9A5260E}.Debug|Any CPU.ActiveCfg = Debug|Any CPU
		{F62A4017-8F99-4904-995D-3977B9A5260E}.Debug|Any CPU.Build.0 = Debug|Any CPU
		{F62A4017-8F99-4904-995D-3977B9A5260E}.Debug|x86.ActiveCfg = Debug|x86
		{F62A4017-8F99-4904-995D-3977B9A5260E}.Debug|x86.Build.0 = Debug|x86
		{F62A4017-8F99-4904-995D-3977B9A5260E}.Release|Any CPU.ActiveCfg = Release|Any CPU
		{F62A4017-8F99-4904-995D-3977B9A5260E}.Release|Any CPU.Build.0 = Release|Any CPU
		{F62A4017-8F99-4904-995D-3977B9A5260E}.Release|x86.ActiveCfg = Release|x86
		{F62A4017-8F99-4904-995D-3977B9A5260E}.Release|x86.Build.0 = Release|x86
		{C293768F-6C79-4B6D-8F2B-1DF2F0F6A038}.Debug|Any CPU.ActiveCfg = Debug|Any CPU
		{C293768F-6C79-4B6D-8F2B-1DF2F0F6A038}.Debug|Any CPU.Build.0 = Debug|Any CPU
		{C293768F-6C79-4B6D-8F2B-1DF2F0F6A038}.Debug|x86.ActiveCfg = Debug|x86
		{C293768F-6C79-4B6D-8F2B-1DF2F0F6A038}.Debug|x86.Build.0 = Debug|x86
		{C293768F-6C79-4B6D-8F2B-1DF2F0F6A038}.Release|Any CPU.ActiveCfg = Release|Any CPU
		{C293768F-6C79-4B6D-8F2B-1DF2F0F6A038}.Release|Any CPU.Build.0 = Release|Any CPU
		{C293768F-6C79-4B6D-8F2B-1DF2F0F6A038}.Release|x86.ActiveCfg = Release|x86
		{C293768F-6C79-4B6D-8F2B-1DF2F0F6A038}.Release|x86.Build.0 = Release|x86
		{1B13DEB6-1B78-4D85-B3DB-F5282AF3DECD}.Debug|Any CPU.ActiveCfg = Debug|Any CPU
		{1B13DEB6-1B78-4D85-B3DB-F5282AF3DECD}.Debug|Any CPU.Build.0 = Debug|Any CPU
		{1B13DEB6-1B78-4D85-B3DB-F5282AF3DECD}.Debug|x86.ActiveCfg = Debug|x86
		{1B13DEB6-1B78-4D85-B3DB-F5282AF3DECD}.Debug|x86.Build.0 = Debug|x86
		{1B13DEB6-1B78-4D85-B3DB-F5282AF3DECD}.Release|Any CPU.ActiveCfg = Release|Any CPU
		{1B13DEB6-1B78-4D85-B3DB-F5282AF3DECD}.Release|Any CPU.Build.0 = Release|Any CPU
		{1B13DEB6-1B78-4D85-B3DB-F5282AF3DECD}.Release|x86.ActiveCfg = Release|x86
		{1B13DEB6-1B78-4D85-B3DB-F5282AF3DECD}.Release|x86.Build.0 = Release|x86
		{C7A11128-E589-4016-8735-3FF3A50E12ED}.Debug|Any CPU.ActiveCfg = Debug|Any CPU
		{C7A11128-E589-4016-8735-3FF3A50E12ED}.Debug|Any CPU.Build.0 = Debug|Any CPU
		{C7A11128-E589-4016-8735-3FF3A50E12ED}.Debug|x86.ActiveCfg = Debug|x86
		{C7A11128-E589-4016-8735-3FF3A50E12ED}.Debug|x86.Build.0 = Debug|x86
		{C7A11128-E589-4016-8735-3FF3A50E12ED}.Release|Any CPU.ActiveCfg = Release|Any CPU
		{C7A11128-E589-4016-8735-3FF3A50E12ED}.Release|Any CPU.Build.0 = Release|Any CPU
		{C7A11128-E589-4016-8735-3FF3A50E12ED}.Release|x86.ActiveCfg = Release|x86
		{C7A11128-E589-4016-8735-3FF3A50E12ED}.Release|x86.Build.0 = Release|x86
		{DCCBBC19-7132-4A74-91F1-5F9A5D7117CE}.Debug|Any CPU.ActiveCfg = Debug|Any CPU
		{DCCBBC19-7132-4A74-91F1-5F9A5D7117CE}.Debug|Any CPU.Build.0 = Debug|Any CPU
		{DCCBBC19-7132-4A74-91F1-5F9A5D7117CE}.Debug|x86.ActiveCfg = Debug|x86
		{DCCBBC19-7132-4A74-91F1-5F9A5D7117CE}.Debug|x86.Build.0 = Debug|x86
		{DCCBBC19-7132-4A74-91F1-5F9A5D7117CE}.Release|Any CPU.ActiveCfg = Release|Any CPU
		{DCCBBC19-7132-4A74-91F1-5F9A5D7117CE}.Release|Any CPU.Build.0 = Release|Any CPU
		{DCCBBC19-7132-4A74-91F1-5F9A5D7117CE}.Release|x86.ActiveCfg = Release|x86
		{DCCBBC19-7132-4A74-91F1-5F9A5D7117CE}.Release|x86.Build.0 = Release|x86
		{9D2AE6E9-248A-4A52-8122-A08727B82D78}.Debug|Any CPU.ActiveCfg = Debug|Any CPU
		{9D2AE6E9-248A-4A52-8122-A08727B82D78}.Debug|Any CPU.Build.0 = Debug|Any CPU
		{9D2AE6E9-248A-4A52-8122-A08727B82D78}.Debug|x86.ActiveCfg = Debug|x86
		{9D2AE6E9-248A-4A52-8122-A08727B82D78}.Debug|x86.Build.0 = Debug|x86
		{9D2AE6E9-248A-4A52-8122-A08727B82D78}.Release|Any CPU.ActiveCfg = Release|Any CPU
		{9D2AE6E9-248A-4A52-8122-A08727B82D78}.Release|Any CPU.Build.0 = Release|Any CPU
		{9D2AE6E9-248A-4A52-8122-A08727B82D78}.Release|x86.ActiveCfg = Release|x86
		{9D2AE6E9-248A-4A52-8122-A08727B82D78}.Release|x86.Build.0 = Release|x86
		{DDCB24BA-F1F8-4B0E-9171-B596C682BFA1}.Debug|Any CPU.ActiveCfg = Debug|Any CPU
		{DDCB24BA-F1F8-4B0E-9171-B596C682BFA1}.Debug|Any CPU.Build.0 = Debug|Any CPU
		{DDCB24BA-F1F8-4B0E-9171-B596C682BFA1}.Debug|x86.ActiveCfg = Debug|x86
		{DDCB24BA-F1F8-4B0E-9171-B596C682BFA1}.Debug|x86.Build.0 = Debug|x86
		{DDCB24BA-F1F8-4B0E-9171-B596C682BFA1}.Release|Any CPU.ActiveCfg = Release|Any CPU
		{DDCB24BA-F1F8-4B0E-9171-B596C682BFA1}.Release|Any CPU.Build.0 = Release|Any CPU
		{DDCB24BA-F1F8-4B0E-9171-B596C682BFA1}.Release|x86.ActiveCfg = Release|x86
		{DDCB24BA-F1F8-4B0E-9171-B596C682BFA1}.Release|x86.Build.0 = Release|x86
		{EE5E61B2-81A2-421A-9A07-B93E03179F4D}.Debug|Any CPU.ActiveCfg = Debug|Any CPU
		{EE5E61B2-81A2-421A-9A07-B93E03179F4D}.Debug|Any CPU.Build.0 = Debug|Any CPU
		{EE5E61B2-81A2-421A-9A07-B93E03179F4D}.Debug|x86.ActiveCfg = Debug|x86
		{EE5E61B2-81A2-421A-9A07-B93E03179F4D}.Debug|x86.Build.0 = Debug|x86
		{EE5E61B2-81A2-421A-9A07-B93E03179F4D}.Release|Any CPU.ActiveCfg = Release|Any CPU
		{EE5E61B2-81A2-421A-9A07-B93E03179F4D}.Release|Any CPU.Build.0 = Release|Any CPU
		{EE5E61B2-81A2-421A-9A07-B93E03179F4D}.Release|x86.ActiveCfg = Release|x86
		{EE5E61B2-81A2-421A-9A07-B93E03179F4D}.Release|x86.Build.0 = Release|x86
		{D263E2C0-C6CC-44A8-87D6-98BCF0E26104}.Debug|Any CPU.ActiveCfg = Debug|Any CPU
		{D263E2C0-C6CC-44A8-87D6-98BCF0E26104}.Debug|Any CPU.Build.0 = Debug|Any CPU
		{D263E2C0-C6CC-44A8-87D6-98BCF0E26104}.Debug|x86.ActiveCfg = Debug|x86
		{D263E2C0-C6CC-44A8-87D6-98BCF0E26104}.Debug|x86.Build.0 = Debug|x86
		{D263E2C0-C6CC-44A8-87D6-98BCF0E26104}.Release|Any CPU.ActiveCfg = Release|Any CPU
		{D263E2C0-C6CC-44A8-87D6-98BCF0E26104}.Release|Any CPU.Build.0 = Release|Any CPU
		{D263E2C0-C6CC-44A8-87D6-98BCF0E26104}.Release|x86.ActiveCfg = Release|x86
		{D263E2C0-C6CC-44A8-87D6-98BCF0E26104}.Release|x86.Build.0 = Release|x86
		{DE21B094-96AE-4996-A1F6-C59D2C8D698C}.Debug|Any CPU.ActiveCfg = Debug|Any CPU
		{DE21B094-96AE-4996-A1F6-C59D2C8D698C}.Debug|Any CPU.Build.0 = Debug|Any CPU
		{DE21B094-96AE-4996-A1F6-C59D2C8D698C}.Debug|x86.ActiveCfg = Debug|x86
		{DE21B094-96AE-4996-A1F6-C59D2C8D698C}.Debug|x86.Build.0 = Debug|x86
		{DE21B094-96AE-4996-A1F6-C59D2C8D698C}.Release|Any CPU.ActiveCfg = Release|Any CPU
		{DE21B094-96AE-4996-A1F6-C59D2C8D698C}.Release|Any CPU.Build.0 = Release|Any CPU
		{DE21B094-96AE-4996-A1F6-C59D2C8D698C}.Release|x86.ActiveCfg = Release|x86
		{DE21B094-96AE-4996-A1F6-C59D2C8D698C}.Release|x86.Build.0 = Release|x86
	EndGlobalSection
	GlobalSection(SolutionProperties) = preSolution
		HideSolutionNode = FALSE
	EndGlobalSection
	GlobalSection(NestedProjects) = preSolution
		{C7A11128-E589-4016-8735-3FF3A50E12ED} = {F9EFC082-0342-43DF-97EB-96A7170A730A}
		{9D2AE6E9-248A-4A52-8122-A08727B82D78} = {F9EFC082-0342-43DF-97EB-96A7170A730A}
		{DDCB24BA-F1F8-4B0E-9171-B596C682BFA1} = {F9EFC082-0342-43DF-97EB-96A7170A730A}
		{1B13DEB6-1B78-4D85-B3DB-F5282AF3DECD} = {F9EFC082-0342-43DF-97EB-96A7170A730A}
	EndGlobalSection
EndGlobal
