
Microsoft Visual Studio Solution File, Format Version 10.00
# Visual Studio 2008
Project("{2150E333-8FDC-42A3-9474-1A3956D46DE8}") = "Plugins", "Plugins", "{F9EFC082-0342-43DF-97EB-96A7170A730A}"
EndProject
Project("{FAE04EC0-301F-11D3-BF4B-00C04F79EFBC}") = "TVShowPlugin", "TVShowPlugin\TVShowPlugin.csproj", "{C0188DDD-A972-44A7-814C-745EF89D952F}"
EndProject
Project("{FAE04EC0-301F-11D3-BF4B-00C04F79EFBC}") = "TVDBPlugin", "TVDBPlugin\TVDBPlugin.csproj", "{9ACF807B-031D-45B7-855B-DF26281F9741}"
EndProject
Project("{FAE04EC0-301F-11D3-BF4B-00C04F79EFBC}") = "TranscodePlugin", "TranscodePlugin\TranscodePlugin.csproj", "{9F1534E7-EFCF-443A-9E38-81B76844924A}"
EndProject
Project("{FAE04EC0-301F-11D3-BF4B-00C04F79EFBC}") = "MediaInfoPlugin", "MediaInfoPlugin\MediaInfoPlugin.csproj", "{399AAC6A-11BB-471A-A95B-DD81786B728B}"
EndProject
Project("{FAE04EC0-301F-11D3-BF4B-00C04F79EFBC}") = "DirectoryFileSourcePlugin", "DirectoryFileSourcePlugin\DirectoryFileSourcePlugin.csproj", "{C175E986-F9A1-4A1F-892D-CD158490F0A2}"
EndProject
Project("{FAE04EC0-301F-11D3-BF4B-00C04F79EFBC}") = "MetaGetaCLI", "MetaGetaCLI\MetaGetaCLI.csproj", "{E4EF9F9F-ACD3-4CBD-B5BB-727840636C0B}"
EndProject
Project("{FAE04EC0-301F-11D3-BF4B-00C04F79EFBC}") = "MetaGeta.Utilities", "MetaGeta.Utilities\MetaGeta.Utilities.csproj", "{4C14CB9E-38D6-4175-B547-80F4B7FA58E2}"
EndProject
Project("{FAE04EC0-301F-11D3-BF4B-00C04F79EFBC}") = "MetaGeta.GUI", "MetaGeta.GUI\MetaGeta.GUI.csproj", "{1C0CB009-6155-4585-85AB-F8B192BB81FA}"
EndProject
Project("{FAE04EC0-301F-11D3-BF4B-00C04F79EFBC}") = "MetaGeta.DataStore", "MetaGeta.DataStore\MetaGeta.DataStore.csproj", "{57925051-BE11-443C-97E1-243E5312290C}"
EndProject
Project("{FAE04EC0-301F-11D3-BF4B-00C04F79EFBC}") = "MetaGeta.Controls", "MetaGeta.Controls\MetaGeta.Controls.csproj", "{34255A45-AF81-4427-905B-7F3C67E9BAB7}"
EndProject
Project("{FAE04EC0-301F-11D3-BF4B-00C04F79EFBC}") = "MetaGeta.Browser", "MetaGeta.Browser\MetaGeta.Browser.csproj", "{61424E44-4829-4269-AB4B-7B66F69D8DDC}"
EndProject
Global
	GlobalSection(SolutionConfigurationPlatforms) = preSolution
		Debug|Any CPU = Debug|Any CPU
		Debug|x64 = Debug|x64
		Debug|x86 = Debug|x86
		Release|Any CPU = Release|Any CPU
		Release|x64 = Release|x64
		Release|x86 = Release|x86
	EndGlobalSection
	GlobalSection(ProjectConfigurationPlatforms) = postSolution
		{C0188DDD-A972-44A7-814C-745EF89D952F}.Debug|Any CPU.ActiveCfg = Debug|Any CPU
		{C0188DDD-A972-44A7-814C-745EF89D952F}.Debug|Any CPU.Build.0 = Debug|Any CPU
		{C0188DDD-A972-44A7-814C-745EF89D952F}.Debug|x64.ActiveCfg = Debug|x64
		{C0188DDD-A972-44A7-814C-745EF89D952F}.Debug|x64.Build.0 = Debug|x64
		{C0188DDD-A972-44A7-814C-745EF89D952F}.Debug|x86.ActiveCfg = Debug|x86
		{C0188DDD-A972-44A7-814C-745EF89D952F}.Debug|x86.Build.0 = Debug|x86
		{C0188DDD-A972-44A7-814C-745EF89D952F}.Release|Any CPU.ActiveCfg = Release|Any CPU
		{C0188DDD-A972-44A7-814C-745EF89D952F}.Release|Any CPU.Build.0 = Release|Any CPU
		{C0188DDD-A972-44A7-814C-745EF89D952F}.Release|x64.ActiveCfg = Release|x64
		{C0188DDD-A972-44A7-814C-745EF89D952F}.Release|x64.Build.0 = Release|x64
		{C0188DDD-A972-44A7-814C-745EF89D952F}.Release|x86.ActiveCfg = Release|x86
		{C0188DDD-A972-44A7-814C-745EF89D952F}.Release|x86.Build.0 = Release|x86
		{9ACF807B-031D-45B7-855B-DF26281F9741}.Debug|Any CPU.ActiveCfg = Debug|Any CPU
		{9ACF807B-031D-45B7-855B-DF26281F9741}.Debug|Any CPU.Build.0 = Debug|Any CPU
		{9ACF807B-031D-45B7-855B-DF26281F9741}.Debug|x64.ActiveCfg = Debug|x64
		{9ACF807B-031D-45B7-855B-DF26281F9741}.Debug|x64.Build.0 = Debug|x64
		{9ACF807B-031D-45B7-855B-DF26281F9741}.Debug|x86.ActiveCfg = Debug|x86
		{9ACF807B-031D-45B7-855B-DF26281F9741}.Debug|x86.Build.0 = Debug|x86
		{9ACF807B-031D-45B7-855B-DF26281F9741}.Release|Any CPU.ActiveCfg = Release|Any CPU
		{9ACF807B-031D-45B7-855B-DF26281F9741}.Release|Any CPU.Build.0 = Release|Any CPU
		{9ACF807B-031D-45B7-855B-DF26281F9741}.Release|x64.ActiveCfg = Release|x64
		{9ACF807B-031D-45B7-855B-DF26281F9741}.Release|x64.Build.0 = Release|x64
		{9ACF807B-031D-45B7-855B-DF26281F9741}.Release|x86.ActiveCfg = Release|x86
		{9ACF807B-031D-45B7-855B-DF26281F9741}.Release|x86.Build.0 = Release|x86
		{9F1534E7-EFCF-443A-9E38-81B76844924A}.Debug|Any CPU.ActiveCfg = Debug|Any CPU
		{9F1534E7-EFCF-443A-9E38-81B76844924A}.Debug|Any CPU.Build.0 = Debug|Any CPU
		{9F1534E7-EFCF-443A-9E38-81B76844924A}.Debug|x64.ActiveCfg = Debug|x64
		{9F1534E7-EFCF-443A-9E38-81B76844924A}.Debug|x64.Build.0 = Debug|x64
		{9F1534E7-EFCF-443A-9E38-81B76844924A}.Debug|x86.ActiveCfg = Debug|x86
		{9F1534E7-EFCF-443A-9E38-81B76844924A}.Debug|x86.Build.0 = Debug|x86
		{9F1534E7-EFCF-443A-9E38-81B76844924A}.Release|Any CPU.ActiveCfg = Release|Any CPU
		{9F1534E7-EFCF-443A-9E38-81B76844924A}.Release|Any CPU.Build.0 = Release|Any CPU
		{9F1534E7-EFCF-443A-9E38-81B76844924A}.Release|x64.ActiveCfg = Release|x64
		{9F1534E7-EFCF-443A-9E38-81B76844924A}.Release|x64.Build.0 = Release|x64
		{9F1534E7-EFCF-443A-9E38-81B76844924A}.Release|x86.ActiveCfg = Release|x86
		{9F1534E7-EFCF-443A-9E38-81B76844924A}.Release|x86.Build.0 = Release|x86
		{399AAC6A-11BB-471A-A95B-DD81786B728B}.Debug|Any CPU.ActiveCfg = Debug|Any CPU
		{399AAC6A-11BB-471A-A95B-DD81786B728B}.Debug|Any CPU.Build.0 = Debug|Any CPU
		{399AAC6A-11BB-471A-A95B-DD81786B728B}.Debug|x64.ActiveCfg = Debug|x64
		{399AAC6A-11BB-471A-A95B-DD81786B728B}.Debug|x64.Build.0 = Debug|x64
		{399AAC6A-11BB-471A-A95B-DD81786B728B}.Debug|x86.ActiveCfg = Debug|x86
		{399AAC6A-11BB-471A-A95B-DD81786B728B}.Debug|x86.Build.0 = Debug|x86
		{399AAC6A-11BB-471A-A95B-DD81786B728B}.Release|Any CPU.ActiveCfg = Release|Any CPU
		{399AAC6A-11BB-471A-A95B-DD81786B728B}.Release|Any CPU.Build.0 = Release|Any CPU
		{399AAC6A-11BB-471A-A95B-DD81786B728B}.Release|x64.ActiveCfg = Release|x64
		{399AAC6A-11BB-471A-A95B-DD81786B728B}.Release|x64.Build.0 = Release|x64
		{399AAC6A-11BB-471A-A95B-DD81786B728B}.Release|x86.ActiveCfg = Release|x86
		{399AAC6A-11BB-471A-A95B-DD81786B728B}.Release|x86.Build.0 = Release|x86
		{C175E986-F9A1-4A1F-892D-CD158490F0A2}.Debug|Any CPU.ActiveCfg = Debug|Any CPU
		{C175E986-F9A1-4A1F-892D-CD158490F0A2}.Debug|Any CPU.Build.0 = Debug|Any CPU
		{C175E986-F9A1-4A1F-892D-CD158490F0A2}.Debug|x64.ActiveCfg = Debug|x64
		{C175E986-F9A1-4A1F-892D-CD158490F0A2}.Debug|x64.Build.0 = Debug|x64
		{C175E986-F9A1-4A1F-892D-CD158490F0A2}.Debug|x86.ActiveCfg = Debug|x86
		{C175E986-F9A1-4A1F-892D-CD158490F0A2}.Debug|x86.Build.0 = Debug|x86
		{C175E986-F9A1-4A1F-892D-CD158490F0A2}.Release|Any CPU.ActiveCfg = Release|Any CPU
		{C175E986-F9A1-4A1F-892D-CD158490F0A2}.Release|Any CPU.Build.0 = Release|Any CPU
		{C175E986-F9A1-4A1F-892D-CD158490F0A2}.Release|x64.ActiveCfg = Release|x64
		{C175E986-F9A1-4A1F-892D-CD158490F0A2}.Release|x64.Build.0 = Release|x64
		{C175E986-F9A1-4A1F-892D-CD158490F0A2}.Release|x86.ActiveCfg = Release|x86
		{C175E986-F9A1-4A1F-892D-CD158490F0A2}.Release|x86.Build.0 = Release|x86
		{E4EF9F9F-ACD3-4CBD-B5BB-727840636C0B}.Debug|Any CPU.ActiveCfg = Debug|Any CPU
		{E4EF9F9F-ACD3-4CBD-B5BB-727840636C0B}.Debug|Any CPU.Build.0 = Debug|Any CPU
		{E4EF9F9F-ACD3-4CBD-B5BB-727840636C0B}.Debug|x64.ActiveCfg = Debug|x64
		{E4EF9F9F-ACD3-4CBD-B5BB-727840636C0B}.Debug|x64.Build.0 = Debug|x64
		{E4EF9F9F-ACD3-4CBD-B5BB-727840636C0B}.Debug|x86.ActiveCfg = Debug|x86
		{E4EF9F9F-ACD3-4CBD-B5BB-727840636C0B}.Debug|x86.Build.0 = Debug|x86
		{E4EF9F9F-ACD3-4CBD-B5BB-727840636C0B}.Release|Any CPU.ActiveCfg = Release|Any CPU
		{E4EF9F9F-ACD3-4CBD-B5BB-727840636C0B}.Release|Any CPU.Build.0 = Release|Any CPU
		{E4EF9F9F-ACD3-4CBD-B5BB-727840636C0B}.Release|x64.ActiveCfg = Release|x64
		{E4EF9F9F-ACD3-4CBD-B5BB-727840636C0B}.Release|x64.Build.0 = Release|x64
		{E4EF9F9F-ACD3-4CBD-B5BB-727840636C0B}.Release|x86.ActiveCfg = Release|x86
		{E4EF9F9F-ACD3-4CBD-B5BB-727840636C0B}.Release|x86.Build.0 = Release|x86
		{4C14CB9E-38D6-4175-B547-80F4B7FA58E2}.Debug|Any CPU.ActiveCfg = Debug|Any CPU
		{4C14CB9E-38D6-4175-B547-80F4B7FA58E2}.Debug|Any CPU.Build.0 = Debug|Any CPU
		{4C14CB9E-38D6-4175-B547-80F4B7FA58E2}.Debug|x64.ActiveCfg = Debug|x64
		{4C14CB9E-38D6-4175-B547-80F4B7FA58E2}.Debug|x64.Build.0 = Debug|x64
		{4C14CB9E-38D6-4175-B547-80F4B7FA58E2}.Debug|x86.ActiveCfg = Debug|x86
		{4C14CB9E-38D6-4175-B547-80F4B7FA58E2}.Debug|x86.Build.0 = Debug|x86
		{4C14CB9E-38D6-4175-B547-80F4B7FA58E2}.Release|Any CPU.ActiveCfg = Release|Any CPU
		{4C14CB9E-38D6-4175-B547-80F4B7FA58E2}.Release|Any CPU.Build.0 = Release|Any CPU
		{4C14CB9E-38D6-4175-B547-80F4B7FA58E2}.Release|x64.ActiveCfg = Release|x64
		{4C14CB9E-38D6-4175-B547-80F4B7FA58E2}.Release|x64.Build.0 = Release|x64
		{4C14CB9E-38D6-4175-B547-80F4B7FA58E2}.Release|x86.ActiveCfg = Release|x86
		{4C14CB9E-38D6-4175-B547-80F4B7FA58E2}.Release|x86.Build.0 = Release|x86
		{1C0CB009-6155-4585-85AB-F8B192BB81FA}.Debug|Any CPU.ActiveCfg = Debug|Any CPU
		{1C0CB009-6155-4585-85AB-F8B192BB81FA}.Debug|Any CPU.Build.0 = Debug|Any CPU
		{1C0CB009-6155-4585-85AB-F8B192BB81FA}.Debug|x64.ActiveCfg = Debug|x64
		{1C0CB009-6155-4585-85AB-F8B192BB81FA}.Debug|x64.Build.0 = Debug|x64
		{1C0CB009-6155-4585-85AB-F8B192BB81FA}.Debug|x86.ActiveCfg = Debug|x86
		{1C0CB009-6155-4585-85AB-F8B192BB81FA}.Debug|x86.Build.0 = Debug|x86
		{1C0CB009-6155-4585-85AB-F8B192BB81FA}.Release|Any CPU.ActiveCfg = Release|Any CPU
		{1C0CB009-6155-4585-85AB-F8B192BB81FA}.Release|Any CPU.Build.0 = Release|Any CPU
		{1C0CB009-6155-4585-85AB-F8B192BB81FA}.Release|x64.ActiveCfg = Release|x64
		{1C0CB009-6155-4585-85AB-F8B192BB81FA}.Release|x64.Build.0 = Release|x64
		{1C0CB009-6155-4585-85AB-F8B192BB81FA}.Release|x86.ActiveCfg = Release|x86
		{1C0CB009-6155-4585-85AB-F8B192BB81FA}.Release|x86.Build.0 = Release|x86
		{57925051-BE11-443C-97E1-243E5312290C}.Debug|Any CPU.ActiveCfg = Debug|Any CPU
		{57925051-BE11-443C-97E1-243E5312290C}.Debug|Any CPU.Build.0 = Debug|Any CPU
		{57925051-BE11-443C-97E1-243E5312290C}.Debug|x64.ActiveCfg = Debug|x64
		{57925051-BE11-443C-97E1-243E5312290C}.Debug|x64.Build.0 = Debug|x64
		{57925051-BE11-443C-97E1-243E5312290C}.Debug|x86.ActiveCfg = Debug|x86
		{57925051-BE11-443C-97E1-243E5312290C}.Debug|x86.Build.0 = Debug|x86
		{57925051-BE11-443C-97E1-243E5312290C}.Release|Any CPU.ActiveCfg = Release|Any CPU
		{57925051-BE11-443C-97E1-243E5312290C}.Release|Any CPU.Build.0 = Release|Any CPU
		{57925051-BE11-443C-97E1-243E5312290C}.Release|x64.ActiveCfg = Release|x64
		{57925051-BE11-443C-97E1-243E5312290C}.Release|x64.Build.0 = Release|x64
		{57925051-BE11-443C-97E1-243E5312290C}.Release|x86.ActiveCfg = Release|x86
		{57925051-BE11-443C-97E1-243E5312290C}.Release|x86.Build.0 = Release|x86
		{34255A45-AF81-4427-905B-7F3C67E9BAB7}.Debug|Any CPU.ActiveCfg = Debug|Any CPU
		{34255A45-AF81-4427-905B-7F3C67E9BAB7}.Debug|Any CPU.Build.0 = Debug|Any CPU
		{34255A45-AF81-4427-905B-7F3C67E9BAB7}.Debug|x64.ActiveCfg = Debug|x64
		{34255A45-AF81-4427-905B-7F3C67E9BAB7}.Debug|x64.Build.0 = Debug|x64
		{34255A45-AF81-4427-905B-7F3C67E9BAB7}.Debug|x86.ActiveCfg = Debug|x86
		{34255A45-AF81-4427-905B-7F3C67E9BAB7}.Debug|x86.Build.0 = Debug|x86
		{34255A45-AF81-4427-905B-7F3C67E9BAB7}.Release|Any CPU.ActiveCfg = Release|Any CPU
		{34255A45-AF81-4427-905B-7F3C67E9BAB7}.Release|Any CPU.Build.0 = Release|Any CPU
		{34255A45-AF81-4427-905B-7F3C67E9BAB7}.Release|x64.ActiveCfg = Release|x64
		{34255A45-AF81-4427-905B-7F3C67E9BAB7}.Release|x64.Build.0 = Release|x64
		{34255A45-AF81-4427-905B-7F3C67E9BAB7}.Release|x86.ActiveCfg = Release|x86
		{34255A45-AF81-4427-905B-7F3C67E9BAB7}.Release|x86.Build.0 = Release|x86
		{61424E44-4829-4269-AB4B-7B66F69D8DDC}.Debug|Any CPU.ActiveCfg = Debug|Any CPU
		{61424E44-4829-4269-AB4B-7B66F69D8DDC}.Debug|Any CPU.Build.0 = Debug|Any CPU
		{61424E44-4829-4269-AB4B-7B66F69D8DDC}.Debug|x64.ActiveCfg = Debug|x64
		{61424E44-4829-4269-AB4B-7B66F69D8DDC}.Debug|x64.Build.0 = Debug|x64
		{61424E44-4829-4269-AB4B-7B66F69D8DDC}.Debug|x86.ActiveCfg = Debug|x86
		{61424E44-4829-4269-AB4B-7B66F69D8DDC}.Debug|x86.Build.0 = Debug|x86
		{61424E44-4829-4269-AB4B-7B66F69D8DDC}.Release|Any CPU.ActiveCfg = Release|Any CPU
		{61424E44-4829-4269-AB4B-7B66F69D8DDC}.Release|Any CPU.Build.0 = Release|Any CPU
		{61424E44-4829-4269-AB4B-7B66F69D8DDC}.Release|x64.ActiveCfg = Release|x64
		{61424E44-4829-4269-AB4B-7B66F69D8DDC}.Release|x64.Build.0 = Release|x64
		{61424E44-4829-4269-AB4B-7B66F69D8DDC}.Release|x86.ActiveCfg = Release|x86
		{61424E44-4829-4269-AB4B-7B66F69D8DDC}.Release|x86.Build.0 = Release|x86
	EndGlobalSection
	GlobalSection(SolutionProperties) = preSolution
		HideSolutionNode = FALSE
	EndGlobalSection
	GlobalSection(NestedProjects) = preSolution
		{C0188DDD-A972-44A7-814C-745EF89D952F} = {F9EFC082-0342-43DF-97EB-96A7170A730A}
		{9ACF807B-031D-45B7-855B-DF26281F9741} = {F9EFC082-0342-43DF-97EB-96A7170A730A}
		{9F1534E7-EFCF-443A-9E38-81B76844924A} = {F9EFC082-0342-43DF-97EB-96A7170A730A}
		{399AAC6A-11BB-471A-A95B-DD81786B728B} = {F9EFC082-0342-43DF-97EB-96A7170A730A}
		{C175E986-F9A1-4A1F-892D-CD158490F0A2} = {F9EFC082-0342-43DF-97EB-96A7170A730A}
	EndGlobalSection
EndGlobal
